
Microsoft Visual Studio Solution File, Format Version 12.00
# Visual Studio Version 16
VisualStudioVersion = 16.0.30709.132
MinimumVisualStudioVersion = 10.0.40219.1
Project("{FAE04EC0-301F-11D3-BF4B-00C04F79EFBC}") = "UmbracoUpgradeHealthchecks", "UmbracoUpgradeHealthchecks\UmbracoUpgradeHealthchecks.csproj", "{D5508FBA-74B9-43F6-BF9B-6B308CD01C7A}"
EndProject
Project("{2150E333-8FDC-42A3-9474-1A3956D46DE8}") = "Solution Items", "Solution Items", "{32CE6332-3DF0-4B0E-97DA-B687FE48FEFB}"
	ProjectSection(SolutionItems) = preProject
		..\Readme.md = ..\Readme.md
	EndProjectSection
EndProject
Global
	GlobalSection(SolutionConfigurationPlatforms) = preSolution
		Debug|Any CPU = Debug|Any CPU
		Release|Any CPU = Release|Any CPU
	EndGlobalSection
	GlobalSection(ProjectConfigurationPlatforms) = postSolution
		{D5508FBA-74B9-43F6-BF9B-6B308CD01C7A}.Debug|Any CPU.ActiveCfg = Debug|Any CPU
		{D5508FBA-74B9-43F6-BF9B-6B308CD01C7A}.Debug|Any CPU.Build.0 = Debug|Any CPU
		{D5508FBA-74B9-43F6-BF9B-6B308CD01C7A}.Release|Any CPU.ActiveCfg = Release|Any CPU
		{D5508FBA-74B9-43F6-BF9B-6B308CD01C7A}.Release|Any CPU.Build.0 = Release|Any CPU
	EndGlobalSection
	GlobalSection(SolutionProperties) = preSolution
		HideSolutionNode = FALSE
	EndGlobalSection
	GlobalSection(ExtensibilityGlobals) = postSolution
		SolutionGuid = {5A304772-DAE7-4816-8CA2-12AA61A53649}
	EndGlobalSection
EndGlobal
